<?xml version="1.0" encoding="utf-8"?>
<Project ToolsVersion="4.0" xmlns="http://schemas.microsoft.com/developer/msbuild/2003">
  <ItemGroup>
    <Filter Include="src">
      <UniqueIdentifier>{47244bf4-857d-46e8-99c7-34f7f5915b6c}</UniqueIdentifier>
    </Filter>
    <Filter Include="src\utility">
      <UniqueIdentifier>{8a45b352-98aa-4e98-9204-f6717fcac19d}</UniqueIdentifier>
    </Filter>
    <Filter Include="resources">
      <UniqueIdentifier>{ae28225f-429a-4c78-9382-a3d749caf3eb}</UniqueIdentifier>
    </Filter>
  </ItemGroup>
  <ItemGroup>
    <ClCompile Include="src\create_dialog.cpp">
      <Filter>src</Filter>
    </ClCompile>
    <ClCompile Include="src\icon_history.cpp">
      <Filter>src</Filter>
    </ClCompile>
    <ClCompile Include="src\main.cpp">
      <Filter>src</Filter>
    </ClCompile>
    <ClCompile Include="src\saver.cpp">
      <Filter>src</Filter>
    </ClCompile>
    <ClCompile Include="src\saver_gui.cpp">
      <Filter>src</Filter>
    </ClCompile>
    <ClCompile Include="src\ErrorTracker.cpp">
      <Filter>src\utility</Filter>
    </ClCompile>
    <ClCompile Include="src\file_reader.cpp">
      <Filter>src\utility</Filter>
    </ClCompile>
    <ClCompile Include="src\registry.cpp">
      <Filter>src\utility</Filter>
    </ClCompile>
    <ClCompile Include="src\tray_icon.cpp">
      <Filter>src\utility</Filter>
    </ClCompile>
  </ItemGroup>
  <ItemGroup>
    <ClInclude Include="src\create_dialog.h">
      <Filter>src</Filter>
    </ClInclude>
    <ClInclude Include="src\icon_history.h">
      <Filter>src</Filter>
    </ClInclude>
    <ClInclude Include="src\saver.h">
      <Filter>src</Filter>
    </ClInclude>
    <ClInclude Include="src\saver_gui.h">
      <Filter>src</Filter>
    </ClInclude>
    <ClInclude Include="src\version.h">
      <Filter>src</Filter>
    </ClInclude>
    <ClInclude Include="src\ErrorTracker.h">
      <Filter>src\utility</Filter>
    </ClInclude>
    <ClInclude Include="src\file_reader.h">
      <Filter>src\utility</Filter>
    </ClInclude>
    <ClInclude Include="src\fstream_util.h">
      <Filter>src\utility</Filter>
    </ClInclude>
    <ClInclude Include="src\registry.h">
      <Filter>src\utility</Filter>
    </ClInclude>
    <ClInclude Include="src\string_util.h">
      <Filter>src\utility</Filter>
    </ClInclude>
    <ClInclude Include="src\tray_icon.h">
      <Filter>src\utility</Filter>
    </ClInclude>
    <ClInclude Include="src\resource.h">
      <Filter>resources</Filter>
    </ClInclude>
  </ItemGroup>
  <ItemGroup>
    <ResourceCompile Include="src\saver.rc">
      <Filter>resources</Filter>
    </ResourceCompile>
  </ItemGroup>
  <ItemGroup>
    <None Include="changelog.txt" />
    <None Include="desktop_saver_icon.ico" />
    <None Include="license.txt" />
    <None Include="readme.txt" />
  </ItemGroup>
</Project>